
Microsoft Visual Studio Solution File, Format Version 12.00
# Visual Studio Version 17
VisualStudioVersion = 17.4.33213.308
MinimumVisualStudioVersion = 10.0.40219.1
Project("{9A19103F-16F7-4668-BE54-9A1E7A4F7556}") = "Core", "Core\Core.csproj", "{D97C1F95-16D8-4B5C-BEA3-4999F6BDF66F}"
EndProject
Project("{9A19103F-16F7-4668-BE54-9A1E7A4F7556}") = "Repository", "Repository\Repository.csproj", "{373F9F50-3892-481A-A7AA-57043AC06FE0}"
EndProject
Project("{9A19103F-16F7-4668-BE54-9A1E7A4F7556}") = "Service", "Services\Service.csproj", "{15595E64-5825-46F7-A36B-D42AFB12E6F1}"
EndProject
Project("{9A19103F-16F7-4668-BE54-9A1E7A4F7556}") = "API", "API\API.csproj", "{BF5AF2DB-1B7F-41BB-938F-2627C4BAAF9A}"
EndProject
Project("{FAE04EC0-301F-11D3-BF4B-00C04F79EFBC}") = "SignalR", "SignalR\SignalR.csproj", "{037534E6-BB01-4488-9C98-4B9803D2542E}"
EndProject
Global
	GlobalSection(SolutionConfigurationPlatforms) = preSolution
		Debug|Any CPU = Debug|Any CPU
		Release|Any CPU = Release|Any CPU
	EndGlobalSection
	GlobalSection(ProjectConfigurationPlatforms) = postSolution
		{D97C1F95-16D8-4B5C-BEA3-4999F6BDF66F}.Debug|Any CPU.ActiveCfg = Debug|Any CPU
		{D97C1F95-16D8-4B5C-BEA3-4999F6BDF66F}.Debug|Any CPU.Build.0 = Debug|Any CPU
		{D97C1F95-16D8-4B5C-BEA3-4999F6BDF66F}.Release|Any CPU.ActiveCfg = Release|Any CPU
		{D97C1F95-16D8-4B5C-BEA3-4999F6BDF66F}.Release|Any CPU.Build.0 = Release|Any CPU
		{373F9F50-3892-481A-A7AA-57043AC06FE0}.Debug|Any CPU.ActiveCfg = Debug|Any CPU
		{373F9F50-3892-481A-A7AA-57043AC06FE0}.Debug|Any CPU.Build.0 = Debug|Any CPU
		{373F9F50-3892-481A-A7AA-57043AC06FE0}.Release|Any CPU.ActiveCfg = Release|Any CPU
		{373F9F50-3892-481A-A7AA-57043AC06FE0}.Release|Any CPU.Build.0 = Release|Any CPU
		{15595E64-5825-46F7-A36B-D42AFB12E6F1}.Debug|Any CPU.ActiveCfg = Debug|Any CPU
		{15595E64-5825-46F7-A36B-D42AFB12E6F1}.Debug|Any CPU.Build.0 = Debug|Any CPU
		{15595E64-5825-46F7-A36B-D42AFB12E6F1}.Release|Any CPU.ActiveCfg = Release|Any CPU
		{15595E64-5825-46F7-A36B-D42AFB12E6F1}.Release|Any CPU.Build.0 = Release|Any CPU
		{BF5AF2DB-1B7F-41BB-938F-2627C4BAAF9A}.Debug|Any CPU.ActiveCfg = Debug|Any CPU
		{BF5AF2DB-1B7F-41BB-938F-2627C4BAAF9A}.Debug|Any CPU.Build.0 = Debug|Any CPU
		{BF5AF2DB-1B7F-41BB-938F-2627C4BAAF9A}.Release|Any CPU.ActiveCfg = Release|Any CPU
		{BF5AF2DB-1B7F-41BB-938F-2627C4BAAF9A}.Release|Any CPU.Build.0 = Release|Any CPU
		{037534E6-BB01-4488-9C98-4B9803D2542E}.Debug|Any CPU.ActiveCfg = Debug|Any CPU
		{037534E6-BB01-4488-9C98-4B9803D2542E}.Debug|Any CPU.Build.0 = Debug|Any CPU
		{037534E6-BB01-4488-9C98-4B9803D2542E}.Release|Any CPU.ActiveCfg = Release|Any CPU
		{037534E6-BB01-4488-9C98-4B9803D2542E}.Release|Any CPU.Build.0 = Release|Any CPU
	EndGlobalSection
	GlobalSection(SolutionProperties) = preSolution
		HideSolutionNode = FALSE
	EndGlobalSection
	GlobalSection(ExtensibilityGlobals) = postSolution
		SolutionGuid = {CB60DC3D-A409-4345-9A64-17AA8BB1B1B2}
	EndGlobalSection
EndGlobal
